{
  "nodes": {
    "nix-github-actions": {
      "inputs": {
        "nixpkgs": [
          "zephyr-nix",
          "nixpkgs"
        ]
      },
      "locked": {
        "lastModified": 1737420293,
        "narHash": "sha256-F1G5ifvqTpJq7fdkT34e/Jy9VCyzd5XfJ9TO8fHhJWE=",
        "owner": "nix-community",
        "repo": "nix-github-actions",
        "rev": "f4158fa080ef4503c8f4c820967d946c2af31ec9",
        "type": "github"
      },
      "original": {
        "owner": "nix-community",
        "repo": "nix-github-actions",
        "type": "github"
      }
    },
    "nixpkgs": {
      "locked": {
        "lastModified": 1769018530,
        "narHash": "sha256-MJ27Cy2NtBEV5tsK+YraYr2g851f3Fl1LpNHDzDX15c=",
        "owner": "NixOS",
        "repo": "nixpkgs",
        "rev": "88d3861acdd3d2f0e361767018218e51810df8a1",
        "type": "github"
      },
      "original": {
        "owner": "NixOS",
        "ref": "nixos-unstable",
        "repo": "nixpkgs",
        "type": "github"
      }
    },
    "pyproject-nix": {
      "inputs": {
        "nixpkgs": [
          "zephyr-nix",
          "nixpkgs"
        ]
      },
      "locked": {
        "lastModified": 1758265079,
        "narHash": "sha256-amLaLNwKSZPShQHzfgmc/9o76dU8xzN0743dWgvYlr8=",
        "owner": "nix-community",
        "repo": "pyproject.nix",
        "rev": "02e9418fd4af638447dca4b17b1280da95527fc9",
        "type": "github"
      },
      "original": {
        "owner": "nix-community",
        "repo": "pyproject.nix",
        "type": "github"
      }
    },
    "root": {
      "inputs": {
        "nixpkgs": "nixpkgs",
        "zephyr": "zephyr",
        "zephyr-nix": "zephyr-nix"
      }
    },
    "zephyr": {
      "flake": false,
      "locked": {
        "lastModified": 1755558002,
        "narHash": "sha256-7QpHcotCG+m16PvGdB+aZrU+5p/FSXhmkmtMoUkKqs4=",
        "owner": "zmkfirmware",
        "repo": "zephyr",
        "rev": "dacab4875df72109b96cc8977547a0dc04875bcd",
        "type": "github"
      },
      "original": {
        "owner": "zmkfirmware",
        "ref": "v3.5.0+zmk-fixes",
        "repo": "zephyr",
        "type": "github"
      }
    },
    "zephyr-nix": {
      "inputs": {
        "nix-github-actions": "nix-github-actions",
        "nixpkgs": [
          "nixpkgs"
        ],
        "pyproject-nix": "pyproject-nix",
        "zephyr": [
          "zephyr"
        ]
      },
      "locked": {
        "lastModified": 1766008436,
        "narHash": "sha256-rxsL4PELWWJm1jp2j3fQEatsbXVwf/P5KnESLflh84s=",
        "owner": "urob",
        "repo": "zephyr-nix",
        "rev": "62288a26868d805935952a8cf8a77ffe5ec994f7",
        "type": "github"
      },
      "original": {
        "owner": "urob",
        "repo": "zephyr-nix",
        "type": "github"
      }
    }
  },
  "root": "root",
  "version": 7
}
